{
  "name": "documentScan demo",
  "lockfileVersion": 2,
  "requires": true,
  "packages": {
    "": {
      "dependencies": {
        "document-scan-sdk": "file:../document-scan-sdk"
      }
    },
    "../document-scan-sdk": {
      "version": "1.0.2",
      "dependencies": {
        "@babel/preset-env": "^7.22.15",
        "babel-loader": "^9.1.3",
        "uglify-js": "^3.17.4"
      },
      "devDependencies": {
        "webpack": "^5.88.2",
        "webpack-cli": "^5.1.4"
      }
    },
    "../document-scan-sdk/dist": {
      "extraneous": true
    },
    "node_modules/document-scan-sdk": {
      "resolved": "../document-scan-sdk",
      "link": true
    }
  },
  "dependencies": {
    "document-scan-sdk": {
      "version": "file:../document-scan-sdk",
      "requires": {
        "@babel/preset-env": "^7.22.15",
        "babel-loader": "^9.1.3",
        "uglify-js": "^3.17.4",
        "webpack": "^5.88.2",
        "webpack-cli": "^5.1.4"
      }
    }
  }
}
